
Microsoft Visual Studio Solution File, Format Version 12.00
# Visual Studio Version 17
VisualStudioVersion = 17.2.32616.157
MinimumVisualStudioVersion = 10.0.40219.1
Project("{9A19103F-16F7-4668-BE54-9A1E7A4F7556}") = "Net6", "HelloWorld\Net6.csproj", "{5F68024D-104F-4F1B-A2D3-CDA3D8E1EC0F}"
EndProject
Project("{FAE04EC0-301F-11D3-BF4B-00C04F79EFBC}") = "NF48", "NF48\NF48.csproj", "{97E05418-906F-4E1F-9DE2-89E31F43A9C1}"
EndProject
Project("{FAE04EC0-301F-11D3-BF4B-00C04F79EFBC}") = "NF48Form", "NF48Form\NF48Form\NF48Form.csproj", "{479D1688-AFD3-41BA-859E-E8B458A88DEC}"
EndProject
Project("{FAE04EC0-301F-11D3-BF4B-00C04F79EFBC}") = "dotNet6Form", "dotNet6Form\dotNet6Form.csproj", "{1EECAF62-74D6-409D-AA0F-C3800EE345F3}"
EndProject
Global
	GlobalSection(SolutionConfigurationPlatforms) = preSolution
		Debug|Any CPU = Debug|Any CPU
		Release|Any CPU = Release|Any CPU
	EndGlobalSection
	GlobalSection(ProjectConfigurationPlatforms) = postSolution
		{5F68024D-104F-4F1B-A2D3-CDA3D8E1EC0F}.Debug|Any CPU.ActiveCfg = Debug|Any CPU
		{5F68024D-104F-4F1B-A2D3-CDA3D8E1EC0F}.Debug|Any CPU.Build.0 = Debug|Any CPU
		{5F68024D-104F-4F1B-A2D3-CDA3D8E1EC0F}.Release|Any CPU.ActiveCfg = Release|Any CPU
		{5F68024D-104F-4F1B-A2D3-CDA3D8E1EC0F}.Release|Any CPU.Build.0 = Release|Any CPU
		{97E05418-906F-4E1F-9DE2-89E31F43A9C1}.Debug|Any CPU.ActiveCfg = Debug|Any CPU
		{97E05418-906F-4E1F-9DE2-89E31F43A9C1}.Debug|Any CPU.Build.0 = Debug|Any CPU
		{97E05418-906F-4E1F-9DE2-89E31F43A9C1}.Release|Any CPU.ActiveCfg = Release|Any CPU
		{97E05418-906F-4E1F-9DE2-89E31F43A9C1}.Release|Any CPU.Build.0 = Release|Any CPU
		{479D1688-AFD3-41BA-859E-E8B458A88DEC}.Debug|Any CPU.ActiveCfg = Debug|Any CPU
		{479D1688-AFD3-41BA-859E-E8B458A88DEC}.Debug|Any CPU.Build.0 = Debug|Any CPU
		{479D1688-AFD3-41BA-859E-E8B458A88DEC}.Release|Any CPU.ActiveCfg = Release|Any CPU
		{479D1688-AFD3-41BA-859E-E8B458A88DEC}.Release|Any CPU.Build.0 = Release|Any CPU
		{1EECAF62-74D6-409D-AA0F-C3800EE345F3}.Debug|Any CPU.ActiveCfg = Debug|Any CPU
		{1EECAF62-74D6-409D-AA0F-C3800EE345F3}.Debug|Any CPU.Build.0 = Debug|Any CPU
		{1EECAF62-74D6-409D-AA0F-C3800EE345F3}.Release|Any CPU.ActiveCfg = Release|Any CPU
		{1EECAF62-74D6-409D-AA0F-C3800EE345F3}.Release|Any CPU.Build.0 = Release|Any CPU
	EndGlobalSection
	GlobalSection(SolutionProperties) = preSolution
		HideSolutionNode = FALSE
	EndGlobalSection
	GlobalSection(ExtensibilityGlobals) = postSolution
		SolutionGuid = {ED3E215E-D2E7-4601-9511-6A855C916167}
	EndGlobalSection
EndGlobal
